// !$*UTF8*$!
{
	archiveVersion = 1;
	classes = {
	};
	objectVersion = 56;
	objects = {

/* Begin PBXBuildFile section */
		1A000001235B0000000001 /* GitNotifyApp.swift in Sources */ = {isa = PBXBuildFile; fileRef = 1A000002235B0000000001 /* GitNotifyApp.swift */; };
		1A000003235B0000000001 /* AppDelegate.swift in Sources */ = {isa = PBXBuildFile; fileRef = 1A000004235B0000000001 /* AppDelegate.swift */; };
		1A000005235B0000000001 /* GitHubNotification.swift in Sources */ = {isa = PBXBuildFile; fileRef = 1A000006235B0000000001 /* GitHubNotification.swift */; };
		1A000007235B0000000001 /* AppSettings.swift in Sources */ = {isa = PBXBuildFile; fileRef = 1A000008235B0000000001 /* AppSettings.swift */; };
		1A000009235B0000000001 /* NotificationsViewModel.swift in Sources */ = {isa = PBXBuildFile; fileRef = 1A00000A235B0000000001 /* NotificationsViewModel.swift */; };
		1A00000B235B0000000001 /* SettingsViewModel.swift in Sources */ = {isa = PBXBuildFile; fileRef = 1A00000C235B0000000001 /* SettingsViewModel.swift */; };
		1A00000D235B0000000001 /* AuthViewModel.swift in Sources */ = {isa = PBXBuildFile; fileRef = 1A00000E235B0000000001 /* AuthViewModel.swift */; };
		1A00000F235B0000000001 /* MainPopoverView.swift in Sources */ = {isa = PBXBuildFile; fileRef = 1A000010235B0000000001 /* MainPopoverView.swift */; };
		1A000011235B0000000001 /* CategoryTabsView.swift in Sources */ = {isa = PBXBuildFile; fileRef = 1A000012235B0000000001 /* CategoryTabsView.swift */; };
		1A000013235B0000000001 /* NotificationListView.swift in Sources */ = {isa = PBXBuildFile; fileRef = 1A000014235B0000000001 /* NotificationListView.swift */; };
		1A000015235B0000000001 /* EmptyStateView.swift in Sources */ = {isa = PBXBuildFile; fileRef = 1A000016235B0000000001 /* EmptyStateView.swift */; };
		1A000017235B0000000001 /* TokenInputView.swift in Sources */ = {isa = PBXBuildFile; fileRef = 1A000018235B0000000001 /* TokenInputView.swift */; };
		1A000019235B0000000001 /* SettingsView.swift in Sources */ = {isa = PBXBuildFile; fileRef = 1A00001A235B0000000001 /* SettingsView.swift */; };
		1A00001B235B0000000001 /* KeychainManager.swift in Sources */ = {isa = PBXBuildFile; fileRef = 1A00001C235B0000000001 /* KeychainManager.swift */; };
		1A00001D235B0000000001 /* DatabaseManager.swift in Sources */ = {isa = PBXBuildFile; fileRef = 1A00001E235B0000000001 /* DatabaseManager.swift */; };
		1A00001F235B0000000001 /* GitHubAPIService.swift in Sources */ = {isa = PBXBuildFile; fileRef = 1A000020235B0000000001 /* GitHubAPIService.swift */; };
		1A000021235B0000000001 /* SystemNotificationService.swift in Sources */ = {isa = PBXBuildFile; fileRef = 1A000022235B0000000001 /* SystemNotificationService.swift */; };
		1A000023235B0000000001 /* PollingService.swift in Sources */ = {isa = PBXBuildFile; fileRef = 1A000024235B0000000001 /* PollingService.swift */; };
		1A000025235B0000000001 /* Constants.swift in Sources */ = {isa = PBXBuildFile; fileRef = 1A000026235B0000000001 /* Constants.swift */; };
		1A000027235B0000000001 /* Date+Extensions.swift in Sources */ = {isa = PBXBuildFile; fileRef = 1A000028235B0000000001 /* Date+Extensions.swift */; };
		1A000029235B0000000001 /* String+Extensions.swift in Sources */ = {isa = PBXBuildFile; fileRef = 1A00002A235B0000000001 /* String+Extensions.swift */; };
		1A00002B235B0000000001 /* GRDB in Frameworks */ = {isa = PBXBuildFile; productRef = 1A00002C235B0000000001 /* GRDB */; };
/* End PBXBuildFile section */

/* Begin PBXFileReference section */
		1A000000235B0000000001 /* GitNotify.app */ = {isa = PBXFileReference; explicitFileType = wrapper.application; includeInIndex = 0; path = GitNotify.app; sourceTree = BUILT_PRODUCTS_DIR; };
		1A000002235B0000000001 /* GitNotifyApp.swift */ = {isa = PBXFileReference; lastKnownFileType = sourcecode.swift; path = GitNotifyApp.swift; sourceTree = "<group>"; };
		1A000004235B0000000001 /* AppDelegate.swift */ = {isa = PBXFileReference; lastKnownFileType = sourcecode.swift; path = AppDelegate.swift; sourceTree = "<group>"; };
		1A000006235B0000000001 /* GitHubNotification.swift */ = {isa = PBXFileReference; lastKnownFileType = sourcecode.swift; path = GitHubNotification.swift; sourceTree = "<group>"; };
		1A000008235B0000000001 /* AppSettings.swift */ = {isa = PBXFileReference; lastKnownFileType = sourcecode.swift; path = AppSettings.swift; sourceTree = "<group>"; };
		1A00000A235B0000000001 /* NotificationsViewModel.swift */ = {isa = PBXFileReference; lastKnownFileType = sourcecode.swift; path = NotificationsViewModel.swift; sourceTree = "<group>"; };
		1A00000C235B0000000001 /* SettingsViewModel.swift */ = {isa = PBXFileReference; lastKnownFileType = sourcecode.swift; path = SettingsViewModel.swift; sourceTree = "<group>"; };
		1A00000E235B0000000001 /* AuthViewModel.swift */ = {isa = PBXFileReference; lastKnownFileType = sourcecode.swift; path = AuthViewModel.swift; sourceTree = "<group>"; };
		1A000010235B0000000001 /* MainPopoverView.swift */ = {isa = PBXFileReference; lastKnownFileType = sourcecode.swift; path = MainPopoverView.swift; sourceTree = "<group>"; };
		1A000012235B0000000001 /* CategoryTabsView.swift */ = {isa = PBXFileReference; lastKnownFileType = sourcecode.swift; path = CategoryTabsView.swift; sourceTree = "<group>"; };
		1A000014235B0000000001 /* NotificationListView.swift */ = {isa = PBXFileReference; lastKnownFileType = sourcecode.swift; path = NotificationListView.swift; sourceTree = "<group>"; };
		1A000016235B0000000001 /* EmptyStateView.swift */ = {isa = PBXFileReference; lastKnownFileType = sourcecode.swift; path = EmptyStateView.swift; sourceTree = "<group>"; };
		1A000018235B0000000001 /* TokenInputView.swift */ = {isa = PBXFileReference; lastKnownFileType = sourcecode.swift; path = TokenInputView.swift; sourceTree = "<group>"; };
		1A00001A235B0000000001 /* SettingsView.swift */ = {isa = PBXFileReference; lastKnownFileType = sourcecode.swift; path = SettingsView.swift; sourceTree = "<group>"; };
		1A00001C235B0000000001 /* KeychainManager.swift */ = {isa = PBXFileReference; lastKnownFileType = sourcecode.swift; path = KeychainManager.swift; sourceTree = "<group>"; };
		1A00001E235B0000000001 /* DatabaseManager.swift */ = {isa = PBXFileReference; lastKnownFileType = sourcecode.swift; path = DatabaseManager.swift; sourceTree = "<group>"; };
		1A000020235B0000000001 /* GitHubAPIService.swift */ = {isa = PBXFileReference; lastKnownFileType = sourcecode.swift; path = GitHubAPIService.swift; sourceTree = "<group>"; };
		1A000022235B0000000001 /* SystemNotificationService.swift */ = {isa = PBXFileReference; lastKnownFileType = sourcecode.swift; path = SystemNotificationService.swift; sourceTree = "<group>"; };
		1A000024235B0000000001 /* PollingService.swift */ = {isa = PBXFileReference; lastKnownFileType = sourcecode.swift; path = PollingService.swift; sourceTree = "<group>"; };
		1A000026235B0000000001 /* Constants.swift */ = {isa = PBXFileReference; lastKnownFileType = sourcecode.swift; path = Constants.swift; sourceTree = "<group>"; };
		1A000028235B0000000001 /* Date+Extensions.swift */ = {isa = PBXFileReference; lastKnownFileType = sourcecode.swift; path = "Date+Extensions.swift"; sourceTree = "<group>"; };
		1A00002A235B0000000001 /* String+Extensions.swift */ = {isa = PBXFileReference; lastKnownFileType = sourcecode.swift; path = "String+Extensions.swift"; sourceTree = "<group>"; };
		1A00002D235B0000000001 /* Info.plist */ = {isa = PBXFileReference; lastKnownFileType = text.plist.xml; path = Info.plist; sourceTree = "<group>"; };
		1A00002E235B0000000001 /* GitNotify.entitlements */ = {isa = PBXFileReference; lastKnownFileType = text.plist.entitlements; path = GitNotify.entitlements; sourceTree = "<group>"; };
/* End PBXFileReference section */

/* Begin PBXFrameworksBuildPhase section */
		1A0000FD235B0000000001 /* Frameworks */ = {
			isa = PBXFrameworksBuildPhase;
			buildActionMask = 2147483647;
			files = (
				1A00002B235B0000000001 /* GRDB in Frameworks */,
			);
			runOnlyForDeploymentPostprocessing = 0;
		};
/* End PBXFrameworksBuildPhase section */

/* Begin PBXGroup section */
		1A0000F7235B0000000001 = {
			isa = PBXGroup;
			children = (
				1A000100235B0000000001 /* GitNotify */,
				1A0000FF235B0000000001 /* Products */,
			);
			sourceTree = "<group>";
		};
		1A0000FF235B0000000001 /* Products */ = {
			isa = PBXGroup;
			children = (
				1A000000235B0000000001 /* GitNotify.app */,
			);
			name = Products;
			sourceTree = "<group>";
		};
		1A000100235B0000000001 /* GitNotify */ = {
			isa = PBXGroup;
			children = (
				1A000101235B0000000001 /* App */,
				1A000102235B0000000001 /* Models */,
				1A000103235B0000000001 /* ViewModels */,
				1A000104235B0000000001 /* Views */,
				1A000105235B0000000001 /* Services */,
				1A000106235B0000000001 /* Utilities */,
				1A000107235B0000000001 /* Resources */,
				1A00002D235B0000000001 /* Info.plist */,
			);
			sourceTree = "<group>";
		};
		1A000101235B0000000001 /* App */ = {
			isa = PBXGroup;
			children = (
				1A000002235B0000000001 /* GitNotifyApp.swift */,
				1A000004235B0000000001 /* AppDelegate.swift */,
			);
			path = App;
			sourceTree = "<group>";
		};
		1A000102235B0000000001 /* Models */ = {
			isa = PBXGroup;
			children = (
				1A000006235B0000000001 /* GitHubNotification.swift */,
				1A000008235B0000000001 /* AppSettings.swift */,
			);
			path = Models;
			sourceTree = "<group>";
		};
		1A000103235B0000000001 /* ViewModels */ = {
			isa = PBXGroup;
			children = (
				1A00000A235B0000000001 /* NotificationsViewModel.swift */,
				1A00000C235B0000000001 /* SettingsViewModel.swift */,
				1A00000E235B0000000001 /* AuthViewModel.swift */,
			);
			path = ViewModels;
			sourceTree = "<group>";
		};
		1A000104235B0000000001 /* Views */ = {
			isa = PBXGroup;
			children = (
				1A000010235B0000000001 /* MainPopoverView.swift */,
				1A000012235B0000000001 /* CategoryTabsView.swift */,
				1A000014235B0000000001 /* NotificationListView.swift */,
				1A000016235B0000000001 /* EmptyStateView.swift */,
				1A000018235B0000000001 /* TokenInputView.swift */,
				1A00001A235B0000000001 /* SettingsView.swift */,
			);
			path = Views;
			sourceTree = "<group>";
		};
		1A000105235B0000000001 /* Services */ = {
			isa = PBXGroup;
			children = (
				1A00001C235B0000000001 /* KeychainManager.swift */,
				1A00001E235B0000000001 /* DatabaseManager.swift */,
				1A000020235B0000000001 /* GitHubAPIService.swift */,
				1A000022235B0000000001 /* SystemNotificationService.swift */,
				1A000024235B0000000001 /* PollingService.swift */,
			);
			path = Services;
			sourceTree = "<group>";
		};
		1A000106235B0000000001 /* Utilities */ = {
			isa = PBXGroup;
			children = (
				1A000026235B0000000001 /* Constants.swift */,
				1A000108235B0000000001 /* Extensions */,
			);
			path = Utilities;
			sourceTree = "<group>";
		};
		1A000107235B0000000001 /* Resources */ = {
			isa = PBXGroup;
			children = (
				1A00002E235B0000000001 /* GitNotify.entitlements */,
			);
			path = Resources;
			sourceTree = "<group>";
		};
		1A000108235B0000000001 /* Extensions */ = {
			isa = PBXGroup;
			children = (
				1A000028235B0000000001 /* Date+Extensions.swift */,
				1A00002A235B0000000001 /* String+Extensions.swift */,
			);
			path = Extensions;
			sourceTree = "<group>";
		};
/* End PBXGroup section */

/* Begin PBXNativeTarget section */
		1A0000FB235B0000000001 /* GitNotify */ = {
			isa = PBXNativeTarget;
			buildConfigurationList = 1A000109235B0000000001 /* Build configuration list for PBXNativeTarget "GitNotify" */;
			buildPhases = (
				1A0000FC235B0000000001 /* Sources */,
				1A0000FD235B0000000001 /* Frameworks */,
				1A0000FE235B0000000001 /* Resources */,
			);
			buildRules = (
			);
			dependencies = (
			);
			name = GitNotify;
			packageProductDependencies = (
				1A00002C235B0000000001 /* GRDB */,
			);
			productName = GitNotify;
			productReference = 1A000000235B0000000001 /* GitNotify.app */;
			productType = "com.apple.product-type.application";
		};
/* End PBXNativeTarget section */

/* Begin PBXProject section */
		1A0000F8235B0000000001 /* Project object */ = {
			isa = PBXProject;
			attributes = {
				BuildIndependentTargetsInParallel = 1;
				LastSwiftUpdateCheck = 1500;
				LastUpgradeCheck = 1500;
				TargetAttributes = {
					1A0000FB235B0000000001 = {
						CreatedOnToolsVersion = 15.0;
					};
				};
			};
			buildConfigurationList = 1A0000FA235B0000000001 /* Build configuration list for PBXProject "GitNotify" */;
			compatibilityVersion = "Xcode 14.0";
			developmentRegion = en;
			hasScannedForEncodings = 0;
			knownRegions = (
				en,
				Base,
			);
			mainGroup = 1A0000F7235B0000000001;
			packageReferences = (
				1A00010A235B0000000001 /* XCRemoteSwiftPackageReference "GRDB.swift" */,
			);
			productRefGroup = 1A0000FF235B0000000001 /* Products */;
			projectDirPath = "";
			projectRoot = "";
			targets = (
				1A0000FB235B0000000001 /* GitNotify */,
			);
		};
/* End PBXProject section */

/* Begin PBXResourcesBuildPhase section */
		1A0000FE235B0000000001 /* Resources */ = {
			isa = PBXResourcesBuildPhase;
			buildActionMask = 2147483647;
			files = (
			);
			runOnlyForDeploymentPostprocessing = 0;
		};
/* End PBXResourcesBuildPhase section */

/* Begin PBXSourcesBuildPhase section */
		1A0000FC235B0000000001 /* Sources */ = {
			isa = PBXSourcesBuildPhase;
			buildActionMask = 2147483647;
			files = (
				1A000001235B0000000001 /* GitNotifyApp.swift in Sources */,
				1A000003235B0000000001 /* AppDelegate.swift in Sources */,
				1A000005235B0000000001 /* GitHubNotification.swift in Sources */,
				1A000007235B0000000001 /* AppSettings.swift in Sources */,
				1A000009235B0000000001 /* NotificationsViewModel.swift in Sources */,
				1A00000B235B0000000001 /* SettingsViewModel.swift in Sources */,
				1A00000D235B0000000001 /* AuthViewModel.swift in Sources */,
				1A00000F235B0000000001 /* MainPopoverView.swift in Sources */,
				1A000011235B0000000001 /* CategoryTabsView.swift in Sources */,
				1A000013235B0000000001 /* NotificationListView.swift in Sources */,
				1A000015235B0000000001 /* EmptyStateView.swift in Sources */,
				1A000017235B0000000001 /* TokenInputView.swift in Sources */,
				1A000019235B0000000001 /* SettingsView.swift in Sources */,
				1A00001B235B0000000001 /* KeychainManager.swift in Sources */,
				1A00001D235B0000000001 /* DatabaseManager.swift in Sources */,
				1A00001F235B0000000001 /* GitHubAPIService.swift in Sources */,
				1A000021235B0000000001 /* SystemNotificationService.swift in Sources */,
				1A000023235B0000000001 /* PollingService.swift in Sources */,
				1A000025235B0000000001 /* Constants.swift in Sources */,
				1A000027235B0000000001 /* Date+Extensions.swift in Sources */,
				1A000029235B0000000001 /* String+Extensions.swift in Sources */,
			);
			runOnlyForDeploymentPostprocessing = 0;
		};
/* End PBXSourcesBuildPhase section */

/* Begin XCBuildConfiguration section */
		1A00010B235B0000000001 /* Debug */ = {
			isa = XCBuildConfiguration;
			buildSettings = {
				ALWAYS_SEARCH_USER_PATHS = NO;
				ASSETCATALOG_COMPILER_GENERATE_SWIFT_ASSET_SYMBOL_EXTENSIONS = YES;
				CLANG_ANALYZER_NONNULL = YES;
				CLANG_ANALYZER_NUMBER_OBJECT_CONVERSION = YES_AGGRESSIVE;
				CLANG_CXX_LANGUAGE_STANDARD = "gnu++20";
				CLANG_ENABLE_MODULES = YES;
				CLANG_ENABLE_OBJC_ARC = YES;
				CLANG_ENABLE_OBJC_WEAK = YES;
				CLANG_WARN_BLOCK_CAPTURE_AUTORELEASING = YES;
				CLANG_WARN_BOOL_CONVERSION = YES;
				CLANG_WARN_COMMA = YES;
				CLANG_WARN_CONSTANT_CONVERSION = YES;
				CLANG_WARN_DEPRECATED_OBJC_IMPLEMENTATIONS = YES;
				CLANG_WARN_DIRECT_OBJC_ISA_USAGE = YES_ERROR;
				CLANG_WARN_DOCUMENTATION_COMMENTS = YES;
				CLANG_WARN_EMPTY_BODY = YES;
				CLANG_WARN_ENUM_CONVERSION = YES;
				CLANG_WARN_INFINITE_RECURSION = YES;
				CLANG_WARN_INT_CONVERSION = YES;
				CLANG_WARN_NON_LITERAL_NULL_CONVERSION = YES;
				CLANG_WARN_OBJC_IMPLICIT_RETAIN_SELF = YES;
				CLANG_WARN_OBJC_LITERAL_CONVERSION = YES;
				CLANG_WARN_OBJC_ROOT_CLASS = YES_ERROR;
				CLANG_WARN_QUOTED_INCLUDE_IN_FRAMEWORK_HEADER = YES;
				CLANG_WARN_RANGE_LOOP_ANALYSIS = YES;
				CLANG_WARN_STRICT_PROTOTYPES = YES;
				CLANG_WARN_SUSPICIOUS_MOVE = YES;
				CLANG_WARN_UNGUARDED_AVAILABILITY = YES_AGGRESSIVE;
				CLANG_WARN_UNREACHABLE_CODE = YES;
				CLANG_WARN__DUPLICATE_METHOD_MATCH = YES;
				COPY_PHASE_STRIP = NO;
				DEBUG_INFORMATION_FORMAT = dwarf;
				ENABLE_STRICT_OBJC_MSGSEND = YES;
				ENABLE_TESTABILITY = YES;
				ENABLE_USER_SCRIPT_SANDBOXING = YES;
				GCC_C_LANGUAGE_STANDARD = gnu17;
				GCC_DYNAMIC_NO_PIC = NO;
				GCC_NO_COMMON_BLOCKS = YES;
				GCC_OPTIMIZATION_LEVEL = 0;
				GCC_PREPROCESSOR_DEFINITIONS = (
					"DEBUG=1",
					"$(inherited)",
				);
				GCC_WARN_64_TO_32_BIT_CONVERSION = YES;
				GCC_WARN_ABOUT_RETURN_TYPE = YES_ERROR;
				GCC_WARN_UNDECLARED_SELECTOR = YES;
				GCC_WARN_UNINITIALIZED_AUTOS = YES_AGGRESSIVE;
				GCC_WARN_UNUSED_FUNCTION = YES;
				GCC_WARN_UNUSED_VARIABLE = YES;
				LOCALIZATION_PREFERS_STRING_CATALOGS = YES;
				MACOSX_DEPLOYMENT_TARGET = 13.0;
				MTL_ENABLE_DEBUG_INFO = INCLUDE_SOURCE;
				MTL_FAST_MATH = YES;
				ONLY_ACTIVE_ARCH = YES;
				SDKROOT = macosx;
				SWIFT_ACTIVE_COMPILATION_CONDITIONS = "DEBUG $(inherited)";
				SWIFT_OPTIMIZATION_LEVEL = "-Onone";
			};
			name = Debug;
		};
		1A00010C235B0000000001 /* Release */ = {
			isa = XCBuildConfiguration;
			buildSettings = {
				ALWAYS_SEARCH_USER_PATHS = NO;
				ASSETCATALOG_COMPILER_GENERATE_SWIFT_ASSET_SYMBOL_EXTENSIONS = YES;
				CLANG_ANALYZER_NONNULL = YES;
				CLANG_ANALYZER_NUMBER_OBJECT_CONVERSION = YES_AGGRESSIVE;
				CLANG_CXX_LANGUAGE_STANDARD = "gnu++20";
				CLANG_ENABLE_MODULES = YES;
				CLANG_ENABLE_OBJC_ARC = YES;
				CLANG_ENABLE_OBJC_WEAK = YES;
				CLANG_WARN_BLOCK_CAPTURE_AUTORELEASING = YES;
				CLANG_WARN_BOOL_CONVERSION = YES;
				CLANG_WARN_COMMA = YES;
				CLANG_WARN_CONSTANT_CONVERSION = YES;
				CLANG_WARN_DEPRECATED_OBJC_IMPLEMENTATIONS = YES;
				CLANG_WARN_DIRECT_OBJC_ISA_USAGE = YES_ERROR;
				CLANG_WARN_DOCUMENTATION_COMMENTS = YES;
				CLANG_WARN_EMPTY_BODY = YES;
				CLANG_WARN_ENUM_CONVERSION = YES;
				CLANG_WARN_INFINITE_RECURSION = YES;
				CLANG_WARN_INT_CONVERSION = YES;
				CLANG_WARN_NON_LITERAL_NULL_CONVERSION = YES;
				CLANG_WARN_OBJC_IMPLICIT_RETAIN_SELF = YES;
				CLANG_WARN_OBJC_LITERAL_CONVERSION = YES;
				CLANG_WARN_OBJC_ROOT_CLASS = YES_ERROR;
				CLANG_WARN_QUOTED_INCLUDE_IN_FRAMEWORK_HEADER = YES;
				CLANG_WARN_RANGE_LOOP_ANALYSIS = YES;
				CLANG_WARN_STRICT_PROTOTYPES = YES;
				CLANG_WARN_SUSPICIOUS_MOVE = YES;
				CLANG_WARN_UNGUARDED_AVAILABILITY = YES_AGGRESSIVE;
				CLANG_WARN_UNREACHABLE_CODE = YES;
				CLANG_WARN__DUPLICATE_METHOD_MATCH = YES;
				COPY_PHASE_STRIP = NO;
				DEBUG_INFORMATION_FORMAT = "dwarf-with-dsym";
				ENABLE_NS_ASSERTIONS = NO;
				ENABLE_STRICT_OBJC_MSGSEND = YES;
				ENABLE_USER_SCRIPT_SANDBOXING = YES;
				GCC_C_LANGUAGE_STANDARD = gnu17;
				GCC_NO_COMMON_BLOCKS = YES;
				GCC_WARN_64_TO_32_BIT_CONVERSION = YES;
				GCC_WARN_ABOUT_RETURN_TYPE = YES_ERROR;
				GCC_WARN_UNDECLARED_SELECTOR = YES;
				GCC_WARN_UNINITIALIZED_AUTOS = YES_AGGRESSIVE;
				GCC_WARN_UNUSED_FUNCTION = YES;
				GCC_WARN_UNUSED_VARIABLE = YES;
				LOCALIZATION_PREFERS_STRING_CATALOGS = YES;
				MACOSX_DEPLOYMENT_TARGET = 13.0;
				MTL_ENABLE_DEBUG_INFO = NO;
				MTL_FAST_MATH = YES;
				SDKROOT = macosx;
				SWIFT_COMPILATION_MODE = wholemodule;
			};
			name = Release;
		};
		1A00010D235B0000000001 /* Debug */ = {
			isa = XCBuildConfiguration;
			buildSettings = {
				ASSETCATALOG_COMPILER_APPICON_NAME = AppIcon;
				ASSETCATALOG_COMPILER_GLOBAL_ACCENT_COLOR_NAME = AccentColor;
				CODE_SIGN_ENTITLEMENTS = Resources/GitNotify.entitlements;
				CODE_SIGN_STYLE = Automatic;
				COMBINE_HIDPI_IMAGES = YES;
				CURRENT_PROJECT_VERSION = 1;
				DEVELOPMENT_TEAM = "";
				ENABLE_HARDENED_RUNTIME = YES;
				GENERATE_INFOPLIST_FILE = NO;
				INFOPLIST_FILE = Info.plist;
				INFOPLIST_KEY_CFBundleDisplayName = GitNotify;
				INFOPLIST_KEY_LSApplicationCategoryType = "public.app-category.developer-tools";
				INFOPLIST_KEY_NSHumanReadableCopyright = "Copyright © 2024 GitNotify. All rights reserved.";
				LD_RUNPATH_SEARCH_PATHS = (
					"$(inherited)",
					"@executable_path/../Frameworks",
				);
				MARKETING_VERSION = 1.0.0;
				PRODUCT_BUNDLE_IDENTIFIER = com.gitnotify.app;
				PRODUCT_NAME = "$(TARGET_NAME)";
				SWIFT_EMIT_LOC_STRINGS = YES;
				SWIFT_VERSION = 5.0;
			};
			name = Debug;
		};
		1A00010E235B0000000001 /* Release */ = {
			isa = XCBuildConfiguration;
			buildSettings = {
				ASSETCATALOG_COMPILER_APPICON_NAME = AppIcon;
				ASSETCATALOG_COMPILER_GLOBAL_ACCENT_COLOR_NAME = AccentColor;
				CODE_SIGN_ENTITLEMENTS = Resources/GitNotify.entitlements;
				CODE_SIGN_STYLE = Automatic;
				COMBINE_HIDPI_IMAGES = YES;
				CURRENT_PROJECT_VERSION = 1;
				DEVELOPMENT_TEAM = "";
				ENABLE_HARDENED_RUNTIME = YES;
				GENERATE_INFOPLIST_FILE = NO;
				INFOPLIST_FILE = Info.plist;
				INFOPLIST_KEY_CFBundleDisplayName = GitNotify;
				INFOPLIST_KEY_LSApplicationCategoryType = "public.app-category.developer-tools";
				INFOPLIST_KEY_NSHumanReadableCopyright = "Copyright © 2024 GitNotify. All rights reserved.";
				LD_RUNPATH_SEARCH_PATHS = (
					"$(inherited)",
					"@executable_path/../Frameworks",
				);
				MARKETING_VERSION = 1.0.0;
				PRODUCT_BUNDLE_IDENTIFIER = com.gitnotify.app;
				PRODUCT_NAME = "$(TARGET_NAME)";
				SWIFT_EMIT_LOC_STRINGS = YES;
				SWIFT_VERSION = 5.0;
			};
			name = Release;
		};
/* End XCBuildConfiguration section */

/* Begin XCConfigurationList section */
		1A0000FA235B0000000001 /* Build configuration list for PBXProject "GitNotify" */ = {
			isa = XCConfigurationList;
			buildConfigurations = (
				1A00010B235B0000000001 /* Debug */,
				1A00010C235B0000000001 /* Release */,
			);
			defaultConfigurationIsVisible = 0;
			defaultConfigurationName = Release;
		};
		1A000109235B0000000001 /* Build configuration list for PBXNativeTarget "GitNotify" */ = {
			isa = XCConfigurationList;
			buildConfigurations = (
				1A00010D235B0000000001 /* Debug */,
				1A00010E235B0000000001 /* Release */,
			);
			defaultConfigurationIsVisible = 0;
			defaultConfigurationName = Release;
		};
/* End XCConfigurationList section */

/* Begin XCRemoteSwiftPackageReference section */
		1A00010A235B0000000001 /* XCRemoteSwiftPackageReference "GRDB.swift" */ = {
			isa = XCRemoteSwiftPackageReference;
			repositoryURL = "https://github.com/groue/GRDB.swift";
			requirement = {
				kind = upToNextMajorVersion;
				minimumVersion = 6.24.0;
			};
		};
/* End XCRemoteSwiftPackageReference section */

/* Begin XCSwiftPackageProductDependency section */
		1A00002C235B0000000001 /* GRDB */ = {
			isa = XCSwiftPackageProductDependency;
			package = 1A00010A235B0000000001 /* XCRemoteSwiftPackageReference "GRDB.swift" */;
			productName = GRDB;
		};
/* End XCSwiftPackageProductDependency section */
	};
	rootObject = 1A0000F8235B0000000001 /* Project object */;
}
